dependencies:
- name: base
  repository: https://istio-release.storage.googleapis.com/charts
  version: 1.17.2
- name: istiod
  repository: https://istio-release.storage.googleapis.com/charts
  version: 1.17.2
- name: gateway
  repository: https://istio-release.storage.googleapis.com/charts
  version: 1.17.2
- name: adminer
  repository: https://cetic.github.io/helm-charts
  version: 0.2.1
- name: postgresql
  repository: oci://registry-1.docker.io/bitnamicharts
  version: 12.5.1
- name: elasticsearch
  repository: oci://registry-1.docker.io/bitnamicharts
  version: 19.8.1
- name: redpanda
  repository: https://charts.redpanda.com
  version: 4.0.16
- name: questdb
  repository: https://helm.questdb.io
  version: 0.30.0
digest: sha256:2205f90839429716ee1e7020124e9bca682f6d92b97a61eec6e36392a8c94509
generated: "2023-05-17T03:20:39.20906084+07:00"
